
Microsoft Visual Studio Solution File, Format Version 12.00
# Visual Studio Version 17
VisualStudioVersion = 17.4.33213.308
MinimumVisualStudioVersion = 10.0.40219.1
Project("{FAE04EC0-301F-11D3-BF4B-00C04F79EFBC}") = "AbbyWeb", "AbbyWeb\AbbyWeb.csproj", "{697FEE1E-6E3C-45FF-ADDE-1F37958CE7D7}"
EndProject
Global
	GlobalSection(SolutionConfigurationPlatforms) = preSolution
		Debug|Any CPU = Debug|Any CPU
		Release|Any CPU = Release|Any CPU
	EndGlobalSection
	GlobalSection(ProjectConfigurationPlatforms) = postSolution
		{697FEE1E-6E3C-45FF-ADDE-1F37958CE7D7}.Debug|Any CPU.ActiveCfg = Debug|Any CPU
		{697FEE1E-6E3C-45FF-ADDE-1F37958CE7D7}.Debug|Any CPU.Build.0 = Debug|Any CPU
		{697FEE1E-6E3C-45FF-ADDE-1F37958CE7D7}.Release|Any CPU.ActiveCfg = Release|Any CPU
		{697FEE1E-6E3C-45FF-ADDE-1F37958CE7D7}.Release|Any CPU.Build.0 = Release|Any CPU
	EndGlobalSection
	GlobalSection(SolutionProperties) = preSolution
		HideSolutionNode = FALSE
	EndGlobalSection
	GlobalSection(ExtensibilityGlobals) = postSolution
		SolutionGuid = {4750C9DC-F259-4CF2-844F-0989AF347FE8}
	EndGlobalSection
EndGlobal
